[[package]]
name = "maturin"
version = "0.13.0"
description = "Build and publish crates with pyo3, rust-cpython and cffi bindings as well as rust binaries as python packages"
category = "dev"
optional = false
python-versions = ">=3.7"

[package.dependencies]
tomli = {version = ">=1.1.0", markers = "python_version < \"3.11\""}

[package.extras]
zig = ["ziglang (>=0.9.0,<0.10.0)"]
patchelf = ["patchelf"]

[[package]]
name = "tomli"
version = "2.0.1"
description = "A lil' TOML parser"
category = "dev"
optional = false
python-versions = ">=3.7"

[metadata]
lock-version = "1.1"
python-versions = ">=3.7,<3.11"
content-hash = "db21fbc072548639feab84549b4c8c8354577b75f81a126a799dd91c37273f84"

[metadata.files]
maturin = [
    {file = "maturin-0.13.0-py3-none-macosx_10_7_x86_64.whl", hash = "sha256:e2046d9dc174071cda0412bd864191803a35e97d0bbd1da998c7f83597611485"},
    {file = "maturin-0.13.0-py3-none-macosx_10_9_x86_64.macosx_11_0_arm64.macosx_10_9_universal2.whl", hash = "sha256:35b5397ba10e79253d0fbe6065df041950bf4fc446e0fe96d8091e840d509f01"},
    {file = "maturin-0.13.0-py3-none-manylinux_2_12_i686.manylinux2010_i686.musllinux_1_1_i686.whl", hash = "sha256:8dbe97ec3adb96d3539556550b88c6754091fd543c0a3f089c749f201d7f90c7"},
    {file = "maturin-0.13.0-py3-none-manylinux_2_12_x86_64.manylinux2010_x86_64.musllinux_1_1_x86_64.whl", hash = "sha256:8310a5013fee00c6c2775f12549cab539e9cc504b68d930872cf304bb42fec94"},
    {file = "maturin-0.13.0-py3-none-manylinux_2_17_aarch64.manylinux2014_aarch64.musllinux_1_1_aarch64.whl", hash = "sha256:e9384fedb5296dc294c8328f1e0a25485fc70b6eb26daa11ab54367e3a86be8a"},
    {file = "maturin-0.13.0-py3-none-manylinux_2_17_armv7l.manylinux2014_armv7l.musllinux_1_1_armv7l.whl", hash = "sha256:16551e934af8d1380e06ad8467a691d56bbde025bc06eb8d484efb2258bf5a46"},
    {file = "maturin-0.13.0-py3-none-manylinux_2_17_ppc64le.manylinux2014_ppc64le.musllinux_1_1_ppc64le.whl", hash = "sha256:23953c36714b656a8e747184c2a455bdd56924e60afcacd0056daa0520e9fbcd"},
    {file = "maturin-0.13.0-py3-none-manylinux_2_17_s390x.manylinux2014_s390x.whl", hash = "sha256:c812fd61ed13082912d929bdf107742109a885d0ba2a16a72808c8986297f4e3"},
    {file = "maturin-0.13.0-py3-none-win32.whl", hash = "sha256:2e651b14733b4cc4066975bd648d7bb64d88d91cf0be416c15ae929f774ab1a0"},
    {file = "maturin-0.13.0-py3-none-win_amd64.whl", hash = "sha256:c387c37de2786c7106b770ccae55cc55368743643fac6960743efed5e7bac129"},
    {file = "maturin-0.13.0-py3-none-win_arm64.whl", hash = "sha256:23712d753e0d3f8fa82a0e7e5c60891cca458241b5395989b65302424195e43c"},
    {file = "maturin-0.13.0.tar.gz", hash = "sha256:b9dd0d4d5da97985533eb682cab4134e04369c6db3d7a2e2a819a02e9f1d962c"},
]
tomli = [
    {file = "tomli-2.0.1-py3-none-any.whl", hash = "sha256:939de3e7a6161af0c887ef91b7d41a53e7c5a1ca976325f429cb46ea9bc30ecc"},
    {file = "tomli-2.0.1.tar.gz", hash = "sha256:de526c12914f0c550d15924c62d72abc48d6fe7364aa87328337a31007fe8a4f"},
]
